
Microsoft Visual Studio Solution File, Format Version 12.00
# Visual Studio Version 17
VisualStudioVersion = 17.3.32825.248
MinimumVisualStudioVersion = 10.0.40219.1
Project("{8BC9CEB8-8B4A-11D0-8D11-00A0C91BC942}") = "Lab 4", "Lab 4\Lab 4.vcxproj", "{F6425742-6B8A-4028-BCB8-FADE1C9B8035}"
EndProject
Global
	GlobalSection(SolutionConfigurationPlatforms) = preSolution
		Debug|x64 = Debug|x64
		Debug|x86 = Debug|x86
		Release|x64 = Release|x64
		Release|x86 = Release|x86
	EndGlobalSection
	GlobalSection(ProjectConfigurationPlatforms) = postSolution
		{F6425742-6B8A-4028-BCB8-FADE1C9B8035}.Debug|x64.ActiveCfg = Debug|x64
		{F6425742-6B8A-4028-BCB8-FADE1C9B8035}.Debug|x64.Build.0 = Debug|x64
		{F6425742-6B8A-4028-BCB8-FADE1C9B8035}.Debug|x86.ActiveCfg = Debug|Win32
		{F6425742-6B8A-4028-BCB8-FADE1C9B8035}.Debug|x86.Build.0 = Debug|Win32
		{F6425742-6B8A-4028-BCB8-FADE1C9B8035}.Release|x64.ActiveCfg = Release|x64
		{F6425742-6B8A-4028-BCB8-FADE1C9B8035}.Release|x64.Build.0 = Release|x64
		{F6425742-6B8A-4028-BCB8-FADE1C9B8035}.Release|x86.ActiveCfg = Release|Win32
		{F6425742-6B8A-4028-BCB8-FADE1C9B8035}.Release|x86.Build.0 = Release|Win32
	EndGlobalSection
	GlobalSection(SolutionProperties) = preSolution
		HideSolutionNode = FALSE
	EndGlobalSection
	GlobalSection(ExtensibilityGlobals) = postSolution
		SolutionGuid = {F365FA51-78D0-4091-9AC8-A5B8F36F2F00}
	EndGlobalSection
EndGlobal
